// !$*UTF8*$!
{
	archiveVersion = 1;
	classes = {
	};
	objectVersion = 50;
	objects = {

/* Begin PBXBuildFile section */
		C7139CBD22C6884700259456 /* AppDelegate.swift in Sources */ = {isa = PBXBuildFile; fileRef = C7139CBC22C6884700259456 /* AppDelegate.swift */; };
		C7139CBF22C6884700259456 /* ViewController.swift in Sources */ = {isa = PBXBuildFile; fileRef = C7139CBE22C6884700259456 /* ViewController.swift */; };
		C7139CC222C6884700259456 /* Main.storyboard in Resources */ = {isa = PBXBuildFile; fileRef = C7139CC022C6884700259456 /* Main.storyboard */; };
		C7139CC522C6884700259456 /* ResultType.xcdatamodeld in Sources */ = {isa = PBXBuildFile; fileRef = C7139CC322C6884700259456 /* ResultType.xcdatamodeld */; };
		C7139CC722C6884900259456 /* Assets.xcassets in Resources */ = {isa = PBXBuildFile; fileRef = C7139CC622C6884900259456 /* Assets.xcassets */; };
		C7139CCA22C6884900259456 /* LaunchScreen.storyboard in Resources */ = {isa = PBXBuildFile; fileRef = C7139CC822C6884900259456 /* LaunchScreen.storyboard */; };
		C7139CD522C6884900259456 /* ResultTypeTests.swift in Sources */ = {isa = PBXBuildFile; fileRef = C7139CD422C6884900259456 /* ResultTypeTests.swift */; };
		C7139CE022C6884900259456 /* ResultTypeUITests.swift in Sources */ = {isa = PBXBuildFile; fileRef = C7139CDF22C6884900259456 /* ResultTypeUITests.swift */; };
/* End PBXBuildFile section */

/* Begin PBXContainerItemProxy section */
		C7139CD122C6884900259456 /* PBXContainerItemProxy */ = {
			isa = PBXContainerItemProxy;
			containerPortal = C7139CB122C6884700259456 /* Project object */;
			proxyType = 1;
			remoteGlobalIDString = C7139CB822C6884700259456;
			remoteInfo = ResultType;
		};
		C7139CDC22C6884900259456 /* PBXContainerItemProxy */ = {
			isa = PBXContainerItemProxy;
			containerPortal = C7139CB122C6884700259456 /* Project object */;
			proxyType = 1;
			remoteGlobalIDString = C7139CB822C6884700259456;
			remoteInfo = ResultType;
		};
/* End PBXContainerItemProxy section */

/* Begin PBXFileReference section */
		C7139CB922C6884700259456 /* ResultType.app */ = {isa = PBXFileReference; explicitFileType = wrapper.application; includeInIndex = 0; path = ResultType.app; sourceTree = BUILT_PRODUCTS_DIR; };
		C7139CBC22C6884700259456 /* AppDelegate.swift */ = {isa = PBXFileReference; lastKnownFileType = sourcecode.swift; path = AppDelegate.swift; sourceTree = "<group>"; };
		C7139CBE22C6884700259456 /* ViewController.swift */ = {isa = PBXFileReference; lastKnownFileType = sourcecode.swift; path = ViewController.swift; sourceTree = "<group>"; };
		C7139CC122C6884700259456 /* Base */ = {isa = PBXFileReference; lastKnownFileType = file.storyboard; name = Base; path = Base.lproj/Main.storyboard; sourceTree = "<group>"; };
		C7139CC422C6884700259456 /* ResultType.xcdatamodel */ = {isa = PBXFileReference; lastKnownFileType = wrapper.xcdatamodel; path = ResultType.xcdatamodel; sourceTree = "<group>"; };
		C7139CC622C6884900259456 /* Assets.xcassets */ = {isa = PBXFileReference; lastKnownFileType = folder.assetcatalog; path = Assets.xcassets; sourceTree = "<group>"; };
		C7139CC922C6884900259456 /* Base */ = {isa = PBXFileReference; lastKnownFileType = file.storyboard; name = Base; path = Base.lproj/LaunchScreen.storyboard; sourceTree = "<group>"; };
		C7139CCB22C6884900259456 /* Info.plist */ = {isa = PBXFileReference; lastKnownFileType = text.plist.xml; path = Info.plist; sourceTree = "<group>"; };
		C7139CD022C6884900259456 /* ResultTypeTests.xctest */ = {isa = PBXFileReference; explicitFileType = wrapper.cfbundle; includeInIndex = 0; path = ResultTypeTests.xctest; sourceTree = BUILT_PRODUCTS_DIR; };
		C7139CD422C6884900259456 /* ResultTypeTests.swift */ = {isa = PBXFileReference; lastKnownFileType = sourcecode.swift; path = ResultTypeTests.swift; sourceTree = "<group>"; };
		C7139CD622C6884900259456 /* Info.plist */ = {isa = PBXFileReference; lastKnownFileType = text.plist.xml; path = Info.plist; sourceTree = "<group>"; };
		C7139CDB22C6884900259456 /* ResultTypeUITests.xctest */ = {isa = PBXFileReference; explicitFileType = wrapper.cfbundle; includeInIndex = 0; path = ResultTypeUITests.xctest; sourceTree = BUILT_PRODUCTS_DIR; };
		C7139CDF22C6884900259456 /* ResultTypeUITests.swift */ = {isa = PBXFileReference; lastKnownFileType = sourcecode.swift; path = ResultTypeUITests.swift; sourceTree = "<group>"; };
		C7139CE122C6884900259456 /* Info.plist */ = {isa = PBXFileReference; lastKnownFileType = text.plist.xml; path = Info.plist; sourceTree = "<group>"; };
/* End PBXFileReference section */

/* Begin PBXFrameworksBuildPhase section */
		C7139CB622C6884700259456 /* Frameworks */ = {
			isa = PBXFrameworksBuildPhase;
			buildActionMask = 2147483647;
			files = (
			);
			runOnlyForDeploymentPostprocessing = 0;
		};
		C7139CCD22C6884900259456 /* Frameworks */ = {
			isa = PBXFrameworksBuildPhase;
			buildActionMask = 2147483647;
			files = (
			);
			runOnlyForDeploymentPostprocessing = 0;
		};
		C7139CD822C6884900259456 /* Frameworks */ = {
			isa = PBXFrameworksBuildPhase;
			buildActionMask = 2147483647;
			files = (
			);
			runOnlyForDeploymentPostprocessing = 0;
		};
/* End PBXFrameworksBuildPhase section */

/* Begin PBXGroup section */
		C7139CB022C6884700259456 = {
			isa = PBXGroup;
			children = (
				C7139CBB22C6884700259456 /* ResultType */,
				C7139CD322C6884900259456 /* ResultTypeTests */,
				C7139CDE22C6884900259456 /* ResultTypeUITests */,
				C7139CBA22C6884700259456 /* Products */,
			);
			sourceTree = "<group>";
		};
		C7139CBA22C6884700259456 /* Products */ = {
			isa = PBXGroup;
			children = (
				C7139CB922C6884700259456 /* ResultType.app */,
				C7139CD022C6884900259456 /* ResultTypeTests.xctest */,
				C7139CDB22C6884900259456 /* ResultTypeUITests.xctest */,
			);
			name = Products;
			sourceTree = "<group>";
		};
		C7139CBB22C6884700259456 /* ResultType */ = {
			isa = PBXGroup;
			children = (
				C7139CBC22C6884700259456 /* AppDelegate.swift */,
				C7139CBE22C6884700259456 /* ViewController.swift */,
				C7139CC022C6884700259456 /* Main.storyboard */,
				C7139CC622C6884900259456 /* Assets.xcassets */,
				C7139CC822C6884900259456 /* LaunchScreen.storyboard */,
				C7139CCB22C6884900259456 /* Info.plist */,
				C7139CC322C6884700259456 /* ResultType.xcdatamodeld */,
			);
			path = ResultType;
			sourceTree = "<group>";
		};
		C7139CD322C6884900259456 /* ResultTypeTests */ = {
			isa = PBXGroup;
			children = (
				C7139CD422C6884900259456 /* ResultTypeTests.swift */,
				C7139CD622C6884900259456 /* Info.plist */,
			);
			path = ResultTypeTests;
			sourceTree = "<group>";
		};
		C7139CDE22C6884900259456 /* ResultTypeUITests */ = {
			isa = PBXGroup;
			children = (
				C7139CDF22C6884900259456 /* ResultTypeUITests.swift */,
				C7139CE122C6884900259456 /* Info.plist */,
			);
			path = ResultTypeUITests;
			sourceTree = "<group>";
		};
/* End PBXGroup section */

/* Begin PBXNativeTarget section */
		C7139CB822C6884700259456 /* ResultType */ = {
			isa = PBXNativeTarget;
			buildConfigurationList = C7139CE422C6884900259456 /* Build configuration list for PBXNativeTarget "ResultType" */;
			buildPhases = (
				C7139CB522C6884700259456 /* Sources */,
				C7139CB622C6884700259456 /* Frameworks */,
				C7139CB722C6884700259456 /* Resources */,
			);
			buildRules = (
			);
			dependencies = (
			);
			name = ResultType;
			productName = ResultType;
			productReference = C7139CB922C6884700259456 /* ResultType.app */;
			productType = "com.apple.product-type.application";
		};
		C7139CCF22C6884900259456 /* ResultTypeTests */ = {
			isa = PBXNativeTarget;
			buildConfigurationList = C7139CE722C6884900259456 /* Build configuration list for PBXNativeTarget "ResultTypeTests" */;
			buildPhases = (
				C7139CCC22C6884900259456 /* Sources */,
				C7139CCD22C6884900259456 /* Frameworks */,
				C7139CCE22C6884900259456 /* Resources */,
			);
			buildRules = (
			);
			dependencies = (
				C7139CD222C6884900259456 /* PBXTargetDependency */,
			);
			name = ResultTypeTests;
			productName = ResultTypeTests;
			productReference = C7139CD022C6884900259456 /* ResultTypeTests.xctest */;
			productType = "com.apple.product-type.bundle.unit-test";
		};
		C7139CDA22C6884900259456 /* ResultTypeUITests */ = {
			isa = PBXNativeTarget;
			buildConfigurationList = C7139CEA22C6884900259456 /* Build configuration list for PBXNativeTarget "ResultTypeUITests" */;
			buildPhases = (
				C7139CD722C6884900259456 /* Sources */,
				C7139CD822C6884900259456 /* Frameworks */,
				C7139CD922C6884900259456 /* Resources */,
			);
			buildRules = (
			);
			dependencies = (
				C7139CDD22C6884900259456 /* PBXTargetDependency */,
			);
			name = ResultTypeUITests;
			productName = ResultTypeUITests;
			productReference = C7139CDB22C6884900259456 /* ResultTypeUITests.xctest */;
			productType = "com.apple.product-type.bundle.ui-testing";
		};
/* End PBXNativeTarget section */

/* Begin PBXProject section */
		C7139CB122C6884700259456 /* Project object */ = {
			isa = PBXProject;
			attributes = {
				LastSwiftUpdateCheck = 1020;
				LastUpgradeCheck = 1020;
				ORGANIZATIONNAME = RakeshPC;
				TargetAttributes = {
					C7139CB822C6884700259456 = {
						CreatedOnToolsVersion = 10.2;
					};
					C7139CCF22C6884900259456 = {
						CreatedOnToolsVersion = 10.2;
						TestTargetID = C7139CB822C6884700259456;
					};
					C7139CDA22C6884900259456 = {
						CreatedOnToolsVersion = 10.2;
						TestTargetID = C7139CB822C6884700259456;
					};
				};
			};
			buildConfigurationList = C7139CB422C6884700259456 /* Build configuration list for PBXProject "ResultType" */;
			compatibilityVersion = "Xcode 9.3";
			developmentRegion = en;
			hasScannedForEncodings = 0;
			knownRegions = (
				en,
				Base,
			);
			mainGroup = C7139CB022C6884700259456;
			productRefGroup = C7139CBA22C6884700259456 /* Products */;
			projectDirPath = "";
			projectRoot = "";
			targets = (
				C7139CB822C6884700259456 /* ResultType */,
				C7139CCF22C6884900259456 /* ResultTypeTests */,
				C7139CDA22C6884900259456 /* ResultTypeUITests */,
			);
		};
/* End PBXProject section */

/* Begin PBXResourcesBuildPhase section */
		C7139CB722C6884700259456 /* Resources */ = {
			isa = PBXResourcesBuildPhase;
			buildActionMask = 2147483647;
			files = (
				C7139CCA22C6884900259456 /* LaunchScreen.storyboard in Resources */,
				C7139CC722C6884900259456 /* Assets.xcassets in Resources */,
				C7139CC222C6884700259456 /* Main.storyboard in Resources */,
			);
			runOnlyForDeploymentPostprocessing = 0;
		};
		C7139CCE22C6884900259456 /* Resources */ = {
			isa = PBXResourcesBuildPhase;
			buildActionMask = 2147483647;
			files = (
			);
			runOnlyForDeploymentPostprocessing = 0;
		};
		C7139CD922C6884900259456 /* Resources */ = {
			isa = PBXResourcesBuildPhase;
			buildActionMask = 2147483647;
			files = (
			);
			runOnlyForDeploymentPostprocessing = 0;
		};
/* End PBXResourcesBuildPhase section */

/* Begin PBXSourcesBuildPhase section */
		C7139CB522C6884700259456 /* Sources */ = {
			isa = PBXSourcesBuildPhase;
			buildActionMask = 2147483647;
			files = (
				C7139CBF22C6884700259456 /* ViewController.swift in Sources */,
				C7139CC522C6884700259456 /* ResultType.xcdatamodeld in Sources */,
				C7139CBD22C6884700259456 /* AppDelegate.swift in Sources */,
			);
			runOnlyForDeploymentPostprocessing = 0;
		};
		C7139CCC22C6884900259456 /* Sources */ = {
			isa = PBXSourcesBuildPhase;
			buildActionMask = 2147483647;
			files = (
				C7139CD522C6884900259456 /* ResultTypeTests.swift in Sources */,
			);
			runOnlyForDeploymentPostprocessing = 0;
		};
		C7139CD722C6884900259456 /* Sources */ = {
			isa = PBXSourcesBuildPhase;
			buildActionMask = 2147483647;
			files = (
				C7139CE022C6884900259456 /* ResultTypeUITests.swift in Sources */,
			);
			runOnlyForDeploymentPostprocessing = 0;
		};
/* End PBXSourcesBuildPhase section */

/* Begin PBXTargetDependency section */
		C7139CD222C6884900259456 /* PBXTargetDependency */ = {
			isa = PBXTargetDependency;
			target = C7139CB822C6884700259456 /* ResultType */;
			targetProxy = C7139CD122C6884900259456 /* PBXContainerItemProxy */;
		};
		C7139CDD22C6884900259456 /* PBXTargetDependency */ = {
			isa = PBXTargetDependency;
			target = C7139CB822C6884700259456 /* ResultType */;
			targetProxy = C7139CDC22C6884900259456 /* PBXContainerItemProxy */;
		};
/* End PBXTargetDependency section */

/* Begin PBXVariantGroup section */
		C7139CC022C6884700259456 /* Main.storyboard */ = {
			isa = PBXVariantGroup;
			children = (
				C7139CC122C6884700259456 /* Base */,
			);
			name = Main.storyboard;
			sourceTree = "<group>";
		};
		C7139CC822C6884900259456 /* LaunchScreen.storyboard */ = {
			isa = PBXVariantGroup;
			children = (
				C7139CC922C6884900259456 /* Base */,
			);
			name = LaunchScreen.storyboard;
			sourceTree = "<group>";
		};
/* End PBXVariantGroup section */

/* Begin XCBuildConfiguration section */
		C7139CE222C6884900259456 /* Debug */ = {
			isa = XCBuildConfiguration;
			buildSettings = {
				ALWAYS_SEARCH_USER_PATHS = NO;
				CLANG_ANALYZER_NONNULL = YES;
				CLANG_ANALYZER_NUMBER_OBJECT_CONVERSION = YES_AGGRESSIVE;
				CLANG_CXX_LANGUAGE_STANDARD = "gnu++14";
				CLANG_CXX_LIBRARY = "libc++";
				CLANG_ENABLE_MODULES = YES;
				CLANG_ENABLE_OBJC_ARC = YES;
				CLANG_ENABLE_OBJC_WEAK = YES;
				CLANG_WARN_BLOCK_CAPTURE_AUTORELEASING = YES;
				CLANG_WARN_BOOL_CONVERSION = YES;
				CLANG_WARN_COMMA = YES;
				CLANG_WARN_CONSTANT_CONVERSION = YES;
				CLANG_WARN_DEPRECATED_OBJC_IMPLEMENTATIONS = YES;
				CLANG_WARN_DIRECT_OBJC_ISA_USAGE = YES_ERROR;
				CLANG_WARN_DOCUMENTATION_COMMENTS = YES;
				CLANG_WARN_EMPTY_BODY = YES;
				CLANG_WARN_ENUM_CONVERSION = YES;
				CLANG_WARN_INFINITE_RECURSION = YES;
				CLANG_WARN_INT_CONVERSION = YES;
				CLANG_WARN_NON_LITERAL_NULL_CONVERSION = YES;
				CLANG_WARN_OBJC_IMPLICIT_RETAIN_SELF = YES;
				CLANG_WARN_OBJC_LITERAL_CONVERSION = YES;
				CLANG_WARN_OBJC_ROOT_CLASS = YES_ERROR;
				CLANG_WARN_RANGE_LOOP_ANALYSIS = YES;
				CLANG_WARN_STRICT_PROTOTYPES = YES;
				CLANG_WARN_SUSPICIOUS_MOVE = YES;
				CLANG_WARN_UNGUARDED_AVAILABILITY = YES_AGGRESSIVE;
				CLANG_WARN_UNREACHABLE_CODE = YES;
				CLANG_WARN__DUPLICATE_METHOD_MATCH = YES;
				CODE_SIGN_IDENTITY = "iPhone Developer";
				COPY_PHASE_STRIP = NO;
				DEBUG_INFORMATION_FORMAT = dwarf;
				ENABLE_STRICT_OBJC_MSGSEND = YES;
				ENABLE_TESTABILITY = YES;
				GCC_C_LANGUAGE_STANDARD = gnu11;
				GCC_DYNAMIC_NO_PIC = NO;
				GCC_NO_COMMON_BLOCKS = YES;
				GCC_OPTIMIZATION_LEVEL = 0;
				GCC_PREPROCESSOR_DEFINITIONS = (
					"DEBUG=1",
					"$(inherited)",
				);
				GCC_WARN_64_TO_32_BIT_CONVERSION = YES;
				GCC_WARN_ABOUT_RETURN_TYPE = YES_ERROR;
				GCC_WARN_UNDECLARED_SELECTOR = YES;
				GCC_WARN_UNINITIALIZED_AUTOS = YES_AGGRESSIVE;
				GCC_WARN_UNUSED_FUNCTION = YES;
				GCC_WARN_UNUSED_VARIABLE = YES;
				IPHONEOS_DEPLOYMENT_TARGET = 12.2;
				MTL_ENABLE_DEBUG_INFO = INCLUDE_SOURCE;
				MTL_FAST_MATH = YES;
				ONLY_ACTIVE_ARCH = YES;
				SDKROOT = iphoneos;
				SWIFT_ACTIVE_COMPILATION_CONDITIONS = DEBUG;
				SWIFT_OPTIMIZATION_LEVEL = "-Onone";
			};
			name = Debug;
		};
		C7139CE322C6884900259456 /* Release */ = {
			isa = XCBuildConfiguration;
			buildSettings = {
				ALWAYS_SEARCH_USER_PATHS = NO;
				CLANG_ANALYZER_NONNULL = YES;
				CLANG_ANALYZER_NUMBER_OBJECT_CONVERSION = YES_AGGRESSIVE;
				CLANG_CXX_LANGUAGE_STANDARD = "gnu++14";
				CLANG_CXX_LIBRARY = "libc++";
				CLANG_ENABLE_MODULES = YES;
				CLANG_ENABLE_OBJC_ARC = YES;
				CLANG_ENABLE_OBJC_WEAK = YES;
				CLANG_WARN_BLOCK_CAPTURE_AUTORELEASING = YES;
				CLANG_WARN_BOOL_CONVERSION = YES;
				CLANG_WARN_COMMA = YES;
				CLANG_WARN_CONSTANT_CONVERSION = YES;
				CLANG_WARN_DEPRECATED_OBJC_IMPLEMENTATIONS = YES;
				CLANG_WARN_DIRECT_OBJC_ISA_USAGE = YES_ERROR;
				CLANG_WARN_DOCUMENTATION_COMMENTS = YES;
				CLANG_WARN_EMPTY_BODY = YES;
				CLANG_WARN_ENUM_CONVERSION = YES;
				CLANG_WARN_INFINITE_RECURSION = YES;
				CLANG_WARN_INT_CONVERSION = YES;
				CLANG_WARN_NON_LITERAL_NULL_CONVERSION = YES;
				CLANG_WARN_OBJC_IMPLICIT_RETAIN_SELF = YES;
				CLANG_WARN_OBJC_LITERAL_CONVERSION = YES;
				CLANG_WARN_OBJC_ROOT_CLASS = YES_ERROR;
				CLANG_WARN_RANGE_LOOP_ANALYSIS = YES;
				CLANG_WARN_STRICT_PROTOTYPES = YES;
				CLANG_WARN_SUSPICIOUS_MOVE = YES;
				CLANG_WARN_UNGUARDED_AVAILABILITY = YES_AGGRESSIVE;
				CLANG_WARN_UNREACHABLE_CODE = YES;
				CLANG_WARN__DUPLICATE_METHOD_MATCH = YES;
				CODE_SIGN_IDENTITY = "iPhone Developer";
				COPY_PHASE_STRIP = NO;
				DEBUG_INFORMATION_FORMAT = "dwarf-with-dsym";
				ENABLE_NS_ASSERTIONS = NO;
				ENABLE_STRICT_OBJC_MSGSEND = YES;
				GCC_C_LANGUAGE_STANDARD = gnu11;
				GCC_NO_COMMON_BLOCKS = YES;
				GCC_WARN_64_TO_32_BIT_CONVERSION = YES;
				GCC_WARN_ABOUT_RETURN_TYPE = YES_ERROR;
				GCC_WARN_UNDECLARED_SELECTOR = YES;
				GCC_WARN_UNINITIALIZED_AUTOS = YES_AGGRESSIVE;
				GCC_WARN_UNUSED_FUNCTION = YES;
				GCC_WARN_UNUSED_VARIABLE = YES;
				IPHONEOS_DEPLOYMENT_TARGET = 12.2;
				MTL_ENABLE_DEBUG_INFO = NO;
				MTL_FAST_MATH = YES;
				SDKROOT = iphoneos;
				SWIFT_COMPILATION_MODE = wholemodule;
				SWIFT_OPTIMIZATION_LEVEL = "-O";
				VALIDATE_PRODUCT = YES;
			};
			name = Release;
		};
		C7139CE522C6884900259456 /* Debug */ = {
			isa = XCBuildConfiguration;
			buildSettings = {
				ASSETCATALOG_COMPILER_APPICON_NAME = AppIcon;
				CODE_SIGN_STYLE = Automatic;
				INFOPLIST_FILE = ResultType/Info.plist;
				LD_RUNPATH_SEARCH_PATHS = (
					"$(inherited)",
					"@executable_path/Frameworks",
				);
				PRODUCT_BUNDLE_IDENTIFIER = com.mypc.test.ResultType;
				PRODUCT_NAME = "$(TARGET_NAME)";
				SWIFT_VERSION = 5.0;
				TARGETED_DEVICE_FAMILY = "1,2";
			};
			name = Debug;
		};
		C7139CE622C6884900259456 /* Release */ = {
			isa = XCBuildConfiguration;
			buildSettings = {
				ASSETCATALOG_COMPILER_APPICON_NAME = AppIcon;
				CODE_SIGN_STYLE = Automatic;
				INFOPLIST_FILE = ResultType/Info.plist;
				LD_RUNPATH_SEARCH_PATHS = (
					"$(inherited)",
					"@executable_path/Frameworks",
				);
				PRODUCT_BUNDLE_IDENTIFIER = com.mypc.test.ResultType;
				PRODUCT_NAME = "$(TARGET_NAME)";
				SWIFT_VERSION = 5.0;
				TARGETED_DEVICE_FAMILY = "1,2";
			};
			name = Release;
		};
		C7139CE822C6884900259456 /* Debug */ = {
			isa = XCBuildConfiguration;
			buildSettings = {
				ALWAYS_EMBED_SWIFT_STANDARD_LIBRARIES = YES;
				BUNDLE_LOADER = "$(TEST_HOST)";
				CODE_SIGN_STYLE = Automatic;
				INFOPLIST_FILE = ResultTypeTests/Info.plist;
				LD_RUNPATH_SEARCH_PATHS = (
					"$(inherited)",
					"@executable_path/Frameworks",
					"@loader_path/Frameworks",
				);
				PRODUCT_BUNDLE_IDENTIFIER = com.mypc.test.ResultTypeTests;
				PRODUCT_NAME = "$(TARGET_NAME)";
				SWIFT_VERSION = 5.0;
				TARGETED_DEVICE_FAMILY = "1,2";
				TEST_HOST = "$(BUILT_PRODUCTS_DIR)/ResultType.app/ResultType";
			};
			name = Debug;
		};
		C7139CE922C6884900259456 /* Release */ = {
			isa = XCBuildConfiguration;
			buildSettings = {
				ALWAYS_EMBED_SWIFT_STANDARD_LIBRARIES = YES;
				BUNDLE_LOADER = "$(TEST_HOST)";
				CODE_SIGN_STYLE = Automatic;
				INFOPLIST_FILE = ResultTypeTests/Info.plist;
				LD_RUNPATH_SEARCH_PATHS = (
					"$(inherited)",
					"@executable_path/Frameworks",
					"@loader_path/Frameworks",
				);
				PRODUCT_BUNDLE_IDENTIFIER = com.mypc.test.ResultTypeTests;
				PRODUCT_NAME = "$(TARGET_NAME)";
				SWIFT_VERSION = 5.0;
				TARGETED_DEVICE_FAMILY = "1,2";
				TEST_HOST = "$(BUILT_PRODUCTS_DIR)/ResultType.app/ResultType";
			};
			name = Release;
		};
		C7139CEB22C6884900259456 /* Debug */ = {
			isa = XCBuildConfiguration;
			buildSettings = {
				ALWAYS_EMBED_SWIFT_STANDARD_LIBRARIES = YES;
				CODE_SIGN_STYLE = Automatic;
				INFOPLIST_FILE = ResultTypeUITests/Info.plist;
				LD_RUNPATH_SEARCH_PATHS = (
					"$(inherited)",
					"@executable_path/Frameworks",
					"@loader_path/Frameworks",
				);
				PRODUCT_BUNDLE_IDENTIFIER = com.mypc.test.ResultTypeUITests;
				PRODUCT_NAME = "$(TARGET_NAME)";
				SWIFT_VERSION = 5.0;
				TARGETED_DEVICE_FAMILY = "1,2";
				TEST_TARGET_NAME = ResultType;
			};
			name = Debug;
		};
		C7139CEC22C6884900259456 /* Release */ = {
			isa = XCBuildConfiguration;
			buildSettings = {
				ALWAYS_EMBED_SWIFT_STANDARD_LIBRARIES = YES;
				CODE_SIGN_STYLE = Automatic;
				INFOPLIST_FILE = ResultTypeUITests/Info.plist;
				LD_RUNPATH_SEARCH_PATHS = (
					"$(inherited)",
					"@executable_path/Frameworks",
					"@loader_path/Frameworks",
				);
				PRODUCT_BUNDLE_IDENTIFIER = com.mypc.test.ResultTypeUITests;
				PRODUCT_NAME = "$(TARGET_NAME)";
				SWIFT_VERSION = 5.0;
				TARGETED_DEVICE_FAMILY = "1,2";
				TEST_TARGET_NAME = ResultType;
			};
			name = Release;
		};
/* End XCBuildConfiguration section */

/* Begin XCConfigurationList section */
		C7139CB422C6884700259456 /* Build configuration list for PBXProject "ResultType" */ = {
			isa = XCConfigurationList;
			buildConfigurations = (
				C7139CE222C6884900259456 /* Debug */,
				C7139CE322C6884900259456 /* Release */,
			);
			defaultConfigurationIsVisible = 0;
			defaultConfigurationName = Release;
		};
		C7139CE422C6884900259456 /* Build configuration list for PBXNativeTarget "ResultType" */ = {
			isa = XCConfigurationList;
			buildConfigurations = (
				C7139CE522C6884900259456 /* Debug */,
				C7139CE622C6884900259456 /* Release */,
			);
			defaultConfigurationIsVisible = 0;
			defaultConfigurationName = Release;
		};
		C7139CE722C6884900259456 /* Build configuration list for PBXNativeTarget "ResultTypeTests" */ = {
			isa = XCConfigurationList;
			buildConfigurations = (
				C7139CE822C6884900259456 /* Debug */,
				C7139CE922C6884900259456 /* Release */,
			);
			defaultConfigurationIsVisible = 0;
			defaultConfigurationName = Release;
		};
		C7139CEA22C6884900259456 /* Build configuration list for PBXNativeTarget "ResultTypeUITests" */ = {
			isa = XCConfigurationList;
			buildConfigurations = (
				C7139CEB22C6884900259456 /* Debug */,
				C7139CEC22C6884900259456 /* Release */,
			);
			defaultConfigurationIsVisible = 0;
			defaultConfigurationName = Release;
		};
/* End XCConfigurationList section */

/* Begin XCVersionGroup section */
		C7139CC322C6884700259456 /* ResultType.xcdatamodeld */ = {
			isa = XCVersionGroup;
			children = (
				C7139CC422C6884700259456 /* ResultType.xcdatamodel */,
			);
			currentVersion = C7139CC422C6884700259456 /* ResultType.xcdatamodel */;
			path = ResultType.xcdatamodeld;
			sourceTree = "<group>";
			versionGroupType = wrapper.xcdatamodel;
		};
/* End XCVersionGroup section */
	};
	rootObject = C7139CB122C6884700259456 /* Project object */;
}
